# This file is automatically @generated by Cargo.
# It is not intended for manual editing.
version = 4

[[package]]
name = "parser-aud"
version = "0.1.0"

[[package]]
name = "parser-pdf"
version = "0.1.0"

[[package]]
name = "parser-rs"
version = "0.1.0"
dependencies = [
 "parser-aud",
 "parser-pdf",
 "parser-vid",
]

[[package]]
name = "parser-vid"
version = "0.1.0"

[[package]]
name = "xtask"
version = "0.1.0"
dependencies = [
 "parser-rs",
]
